
Microsoft Visual Studio Solution File, Format Version 12.00
# Visual Studio Version 17
VisualStudioVersion = 17.7.34031.279
MinimumVisualStudioVersion = 10.0.40219.1
Project("{FAE04EC0-301F-11D3-BF4B-00C04F79EFBC}") = "Criste_Rares_Lab1", "Criste_Rares_Lab1\Criste_Rares_Lab1.csproj", "{3B747C4E-A65B-4D8B-8E9F-7BBC526243A3}"
EndProject
Global
	GlobalSection(SolutionConfigurationPlatforms) = preSolution
		Debug|Any CPU = Debug|Any CPU
		Release|Any CPU = Release|Any CPU
	EndGlobalSection
	GlobalSection(ProjectConfigurationPlatforms) = postSolution
		{3B747C4E-A65B-4D8B-8E9F-7BBC526243A3}.Debug|Any CPU.ActiveCfg = Debug|Any CPU
		{3B747C4E-A65B-4D8B-8E9F-7BBC526243A3}.Debug|Any CPU.Build.0 = Debug|Any CPU
		{3B747C4E-A65B-4D8B-8E9F-7BBC526243A3}.Release|Any CPU.ActiveCfg = Release|Any CPU
		{3B747C4E-A65B-4D8B-8E9F-7BBC526243A3}.Release|Any CPU.Build.0 = Release|Any CPU
	EndGlobalSection
	GlobalSection(SolutionProperties) = preSolution
		HideSolutionNode = FALSE
	EndGlobalSection
	GlobalSection(ExtensibilityGlobals) = postSolution
		SolutionGuid = {D56D1975-F5E4-4AAE-8746-6285F8924F01}
	EndGlobalSection
EndGlobal
